// !$*UTF8*$!
{
	archiveVersion = 1;
	classes = {
	};
	objectVersion = 48;
	objects = {

/* Begin PBXBuildFile section */
		C385C1C92091F126000142DF /* AppDelegate.swift in Sources */ = {isa = PBXBuildFile; fileRef = C385C1C82091F126000142DF /* AppDelegate.swift */; };
		C385C1CB2091F126000142DF /* ViewController.swift in Sources */ = {isa = PBXBuildFile; fileRef = C385C1CA2091F126000142DF /* ViewController.swift */; };
		C385C1CE2091F126000142DF /* Main.storyboard in Resources */ = {isa = PBXBuildFile; fileRef = C385C1CC2091F126000142DF /* Main.storyboard */; };
		C385C1D02091F126000142DF /* Assets.xcassets in Resources */ = {isa = PBXBuildFile; fileRef = C385C1CF2091F126000142DF /* Assets.xcassets */; };
		C385C1D32091F126000142DF /* LaunchScreen.storyboard in Resources */ = {isa = PBXBuildFile; fileRef = C385C1D12091F126000142DF /* LaunchScreen.storyboard */; };
		C385C1DE2091F126000142DF /* ToDoListAppTests.swift in Sources */ = {isa = PBXBuildFile; fileRef = C385C1DD2091F126000142DF /* ToDoListAppTests.swift */; };
		C385C1E92091F126000142DF /* ToDoListAppUITests.swift in Sources */ = {isa = PBXBuildFile; fileRef = C385C1E82091F126000142DF /* ToDoListAppUITests.swift */; };
		C385C1F7209892CE000142DF /* Item.swift in Sources */ = {isa = PBXBuildFile; fileRef = C385C1F6209892CE000142DF /* Item.swift */; };
/* End PBXBuildFile section */

/* Begin PBXContainerItemProxy section */
		C385C1DA2091F126000142DF /* PBXContainerItemProxy */ = {
			isa = PBXContainerItemProxy;
			containerPortal = C385C1BD2091F126000142DF /* Project object */;
			proxyType = 1;
			remoteGlobalIDString = C385C1C42091F126000142DF;
			remoteInfo = ToDoListApp;
		};
		C385C1E52091F126000142DF /* PBXContainerItemProxy */ = {
			isa = PBXContainerItemProxy;
			containerPortal = C385C1BD2091F126000142DF /* Project object */;
			proxyType = 1;
			remoteGlobalIDString = C385C1C42091F126000142DF;
			remoteInfo = ToDoListApp;
		};
/* End PBXContainerItemProxy section */

/* Begin PBXFileReference section */
		C385C1C52091F126000142DF /* ToDoListApp.app */ = {isa = PBXFileReference; explicitFileType = wrapper.application; includeInIndex = 0; path = ToDoListApp.app; sourceTree = BUILT_PRODUCTS_DIR; };
		C385C1C82091F126000142DF /* AppDelegate.swift */ = {isa = PBXFileReference; lastKnownFileType = sourcecode.swift; path = AppDelegate.swift; sourceTree = "<group>"; };
		C385C1CA2091F126000142DF /* ViewController.swift */ = {isa = PBXFileReference; lastKnownFileType = sourcecode.swift; path = ViewController.swift; sourceTree = "<group>"; };
		C385C1CD2091F126000142DF /* Base */ = {isa = PBXFileReference; lastKnownFileType = file.storyboard; name = Base; path = Base.lproj/Main.storyboard; sourceTree = "<group>"; };
		C385C1CF2091F126000142DF /* Assets.xcassets */ = {isa = PBXFileReference; lastKnownFileType = folder.assetcatalog; path = Assets.xcassets; sourceTree = "<group>"; };
		C385C1D22091F126000142DF /* Base */ = {isa = PBXFileReference; lastKnownFileType = file.storyboard; name = Base; path = Base.lproj/LaunchScreen.storyboard; sourceTree = "<group>"; };
		C385C1D42091F126000142DF /* Info.plist */ = {isa = PBXFileReference; lastKnownFileType = text.plist.xml; path = Info.plist; sourceTree = "<group>"; };
		C385C1D92091F126000142DF /* ToDoListAppTests.xctest */ = {isa = PBXFileReference; explicitFileType = wrapper.cfbundle; includeInIndex = 0; path = ToDoListAppTests.xctest; sourceTree = BUILT_PRODUCTS_DIR; };
		C385C1DD2091F126000142DF /* ToDoListAppTests.swift */ = {isa = PBXFileReference; lastKnownFileType = sourcecode.swift; path = ToDoListAppTests.swift; sourceTree = "<group>"; };
		C385C1DF2091F126000142DF /* Info.plist */ = {isa = PBXFileReference; lastKnownFileType = text.plist.xml; path = Info.plist; sourceTree = "<group>"; };
		C385C1E42091F126000142DF /* ToDoListAppUITests.xctest */ = {isa = PBXFileReference; explicitFileType = wrapper.cfbundle; includeInIndex = 0; path = ToDoListAppUITests.xctest; sourceTree = BUILT_PRODUCTS_DIR; };
		C385C1E82091F126000142DF /* ToDoListAppUITests.swift */ = {isa = PBXFileReference; lastKnownFileType = sourcecode.swift; path = ToDoListAppUITests.swift; sourceTree = "<group>"; };
		C385C1EA2091F126000142DF /* Info.plist */ = {isa = PBXFileReference; lastKnownFileType = text.plist.xml; path = Info.plist; sourceTree = "<group>"; };
		C385C1F6209892CE000142DF /* Item.swift */ = {isa = PBXFileReference; lastKnownFileType = sourcecode.swift; path = Item.swift; sourceTree = "<group>"; };
/* End PBXFileReference section */

/* Begin PBXFrameworksBuildPhase section */
		C385C1C22091F126000142DF /* Frameworks */ = {
			isa = PBXFrameworksBuildPhase;
			buildActionMask = 2147483647;
			files = (
			);
			runOnlyForDeploymentPostprocessing = 0;
		};
		C385C1D62091F126000142DF /* Frameworks */ = {
			isa = PBXFrameworksBuildPhase;
			buildActionMask = 2147483647;
			files = (
			);
			runOnlyForDeploymentPostprocessing = 0;
		};
		C385C1E12091F126000142DF /* Frameworks */ = {
			isa = PBXFrameworksBuildPhase;
			buildActionMask = 2147483647;
			files = (
			);
			runOnlyForDeploymentPostprocessing = 0;
		};
/* End PBXFrameworksBuildPhase section */

/* Begin PBXGroup section */
		C385C1BC2091F126000142DF = {
			isa = PBXGroup;
			children = (
				C385C1C72091F126000142DF /* ToDoListApp */,
				C385C1DC2091F126000142DF /* ToDoListAppTests */,
				C385C1E72091F126000142DF /* ToDoListAppUITests */,
				C385C1C62091F126000142DF /* Products */,
			);
			sourceTree = "<group>";
		};
		C385C1C62091F126000142DF /* Products */ = {
			isa = PBXGroup;
			children = (
				C385C1C52091F126000142DF /* ToDoListApp.app */,
				C385C1D92091F126000142DF /* ToDoListAppTests.xctest */,
				C385C1E42091F126000142DF /* ToDoListAppUITests.xctest */,
			);
			name = Products;
			sourceTree = "<group>";
		};
		C385C1C72091F126000142DF /* ToDoListApp */ = {
			isa = PBXGroup;
			children = (
				C385C1F9209892E2000142DF /* Controller */,
				C385C1F8209892D3000142DF /* Data Model */,
				C385C1FA209892FC000142DF /* View */,
				C385C1FB2098930B000142DF /* Supporting Files */,
				C385C1D42091F126000142DF /* Info.plist */,
			);
			path = ToDoListApp;
			sourceTree = "<group>";
		};
		C385C1DC2091F126000142DF /* ToDoListAppTests */ = {
			isa = PBXGroup;
			children = (
				C385C1DD2091F126000142DF /* ToDoListAppTests.swift */,
				C385C1DF2091F126000142DF /* Info.plist */,
			);
			path = ToDoListAppTests;
			sourceTree = "<group>";
		};
		C385C1E72091F126000142DF /* ToDoListAppUITests */ = {
			isa = PBXGroup;
			children = (
				C385C1E82091F126000142DF /* ToDoListAppUITests.swift */,
				C385C1EA2091F126000142DF /* Info.plist */,
			);
			path = ToDoListAppUITests;
			sourceTree = "<group>";
		};
		C385C1F8209892D3000142DF /* Data Model */ = {
			isa = PBXGroup;
			children = (
				C385C1F6209892CE000142DF /* Item.swift */,
			);
			path = "Data Model";
			sourceTree = "<group>";
		};
		C385C1F9209892E2000142DF /* Controller */ = {
			isa = PBXGroup;
			children = (
				C385C1C82091F126000142DF /* AppDelegate.swift */,
				C385C1CA2091F126000142DF /* ViewController.swift */,
			);
			path = Controller;
			sourceTree = "<group>";
		};
		C385C1FA209892FC000142DF /* View */ = {
			isa = PBXGroup;
			children = (
				C385C1CC2091F126000142DF /* Main.storyboard */,
			);
			path = View;
			sourceTree = "<group>";
		};
		C385C1FB2098930B000142DF /* Supporting Files */ = {
			isa = PBXGroup;
			children = (
				C385C1CF2091F126000142DF /* Assets.xcassets */,
				C385C1D12091F126000142DF /* LaunchScreen.storyboard */,
			);
			path = "Supporting Files";
			sourceTree = "<group>";
		};
/* End PBXGroup section */

/* Begin PBXNativeTarget section */
		C385C1C42091F126000142DF /* ToDoListApp */ = {
			isa = PBXNativeTarget;
			buildConfigurationList = C385C1ED2091F126000142DF /* Build configuration list for PBXNativeTarget "ToDoListApp" */;
			buildPhases = (
				C385C1C12091F126000142DF /* Sources */,
				C385C1C22091F126000142DF /* Frameworks */,
				C385C1C32091F126000142DF /* Resources */,
			);
			buildRules = (
			);
			dependencies = (
			);
			name = ToDoListApp;
			productName = ToDoListApp;
			productReference = C385C1C52091F126000142DF /* ToDoListApp.app */;
			productType = "com.apple.product-type.application";
		};
		C385C1D82091F126000142DF /* ToDoListAppTests */ = {
			isa = PBXNativeTarget;
			buildConfigurationList = C385C1F02091F126000142DF /* Build configuration list for PBXNativeTarget "ToDoListAppTests" */;
			buildPhases = (
				C385C1D52091F126000142DF /* Sources */,
				C385C1D62091F126000142DF /* Frameworks */,
				C385C1D72091F126000142DF /* Resources */,
			);
			buildRules = (
			);
			dependencies = (
				C385C1DB2091F126000142DF /* PBXTargetDependency */,
			);
			name = ToDoListAppTests;
			productName = ToDoListAppTests;
			productReference = C385C1D92091F126000142DF /* ToDoListAppTests.xctest */;
			productType = "com.apple.product-type.bundle.unit-test";
		};
		C385C1E32091F126000142DF /* ToDoListAppUITests */ = {
			isa = PBXNativeTarget;
			buildConfigurationList = C385C1F32091F126000142DF /* Build configuration list for PBXNativeTarget "ToDoListAppUITests" */;
			buildPhases = (
				C385C1E02091F126000142DF /* Sources */,
				C385C1E12091F126000142DF /* Frameworks */,
				C385C1E22091F126000142DF /* Resources */,
			);
			buildRules = (
			);
			dependencies = (
				C385C1E62091F126000142DF /* PBXTargetDependency */,
			);
			name = ToDoListAppUITests;
			productName = ToDoListAppUITests;
			productReference = C385C1E42091F126000142DF /* ToDoListAppUITests.xctest */;
			productType = "com.apple.product-type.bundle.ui-testing";
		};
/* End PBXNativeTarget section */

/* Begin PBXProject section */
		C385C1BD2091F126000142DF /* Project object */ = {
			isa = PBXProject;
			attributes = {
				LastSwiftUpdateCheck = 0910;
				LastUpgradeCheck = 0910;
				ORGANIZATIONNAME = "Sneha Patel";
				TargetAttributes = {
					C385C1C42091F126000142DF = {
						CreatedOnToolsVersion = 9.1;
						ProvisioningStyle = Automatic;
					};
					C385C1D82091F126000142DF = {
						CreatedOnToolsVersion = 9.1;
						ProvisioningStyle = Automatic;
						TestTargetID = C385C1C42091F126000142DF;
					};
					C385C1E32091F126000142DF = {
						CreatedOnToolsVersion = 9.1;
						ProvisioningStyle = Automatic;
						TestTargetID = C385C1C42091F126000142DF;
					};
				};
			};
			buildConfigurationList = C385C1C02091F126000142DF /* Build configuration list for PBXProject "ToDoListApp" */;
			compatibilityVersion = "Xcode 8.0";
			developmentRegion = en;
			hasScannedForEncodings = 0;
			knownRegions = (
				en,
				Base,
			);
			mainGroup = C385C1BC2091F126000142DF;
			productRefGroup = C385C1C62091F126000142DF /* Products */;
			projectDirPath = "";
			projectRoot = "";
			targets = (
				C385C1C42091F126000142DF /* ToDoListApp */,
				C385C1D82091F126000142DF /* ToDoListAppTests */,
				C385C1E32091F126000142DF /* ToDoListAppUITests */,
			);
		};
/* End PBXProject section */

/* Begin PBXResourcesBuildPhase section */
		C385C1C32091F126000142DF /* Resources */ = {
			isa = PBXResourcesBuildPhase;
			buildActionMask = 2147483647;
			files = (
				C385C1D32091F126000142DF /* LaunchScreen.storyboard in Resources */,
				C385C1D02091F126000142DF /* Assets.xcassets in Resources */,
				C385C1CE2091F126000142DF /* Main.storyboard in Resources */,
			);
			runOnlyForDeploymentPostprocessing = 0;
		};
		C385C1D72091F126000142DF /* Resources */ = {
			isa = PBXResourcesBuildPhase;
			buildActionMask = 2147483647;
			files = (
			);
			runOnlyForDeploymentPostprocessing = 0;
		};
		C385C1E22091F126000142DF /* Resources */ = {
			isa = PBXResourcesBuildPhase;
			buildActionMask = 2147483647;
			files = (
			);
			runOnlyForDeploymentPostprocessing = 0;
		};
/* End PBXResourcesBuildPhase section */

/* Begin PBXSourcesBuildPhase section */
		C385C1C12091F126000142DF /* Sources */ = {
			isa = PBXSourcesBuildPhase;
			buildActionMask = 2147483647;
			files = (
				C385C1CB2091F126000142DF /* ViewController.swift in Sources */,
				C385C1F7209892CE000142DF /* Item.swift in Sources */,
				C385C1C92091F126000142DF /* AppDelegate.swift in Sources */,
			);
			runOnlyForDeploymentPostprocessing = 0;
		};
		C385C1D52091F126000142DF /* Sources */ = {
			isa = PBXSourcesBuildPhase;
			buildActionMask = 2147483647;
			files = (
				C385C1DE2091F126000142DF /* ToDoListAppTests.swift in Sources */,
			);
			runOnlyForDeploymentPostprocessing = 0;
		};
		C385C1E02091F126000142DF /* Sources */ = {
			isa = PBXSourcesBuildPhase;
			buildActionMask = 2147483647;
			files = (
				C385C1E92091F126000142DF /* ToDoListAppUITests.swift in Sources */,
			);
			runOnlyForDeploymentPostprocessing = 0;
		};
/* End PBXSourcesBuildPhase section */

/* Begin PBXTargetDependency section */
		C385C1DB2091F126000142DF /* PBXTargetDependency */ = {
			isa = PBXTargetDependency;
			target = C385C1C42091F126000142DF /* ToDoListApp */;
			targetProxy = C385C1DA2091F126000142DF /* PBXContainerItemProxy */;
		};
		C385C1E62091F126000142DF /* PBXTargetDependency */ = {
			isa = PBXTargetDependency;
			target = C385C1C42091F126000142DF /* ToDoListApp */;
			targetProxy = C385C1E52091F126000142DF /* PBXContainerItemProxy */;
		};
/* End PBXTargetDependency section */

/* Begin PBXVariantGroup section */
		C385C1CC2091F126000142DF /* Main.storyboard */ = {
			isa = PBXVariantGroup;
			children = (
				C385C1CD2091F126000142DF /* Base */,
			);
			name = Main.storyboard;
			sourceTree = "<group>";
		};
		C385C1D12091F126000142DF /* LaunchScreen.storyboard */ = {
			isa = PBXVariantGroup;
			children = (
				C385C1D22091F126000142DF /* Base */,
			);
			name = LaunchScreen.storyboard;
			sourceTree = "<group>";
		};
/* End PBXVariantGroup section */

/* Begin XCBuildConfiguration section */
		C385C1EB2091F126000142DF /* Debug */ = {
			isa = XCBuildConfiguration;
			buildSettings = {
				ALWAYS_SEARCH_USER_PATHS = NO;
				CLANG_ANALYZER_NONNULL = YES;
				CLANG_ANALYZER_NUMBER_OBJECT_CONVERSION = YES_AGGRESSIVE;
				CLANG_CXX_LANGUAGE_STANDARD = "gnu++14";
				CLANG_CXX_LIBRARY = "libc++";
				CLANG_ENABLE_MODULES = YES;
				CLANG_ENABLE_OBJC_ARC = YES;
				CLANG_WARN_BLOCK_CAPTURE_AUTORELEASING = YES;
				CLANG_WARN_BOOL_CONVERSION = YES;
				CLANG_WARN_COMMA = YES;
				CLANG_WARN_CONSTANT_CONVERSION = YES;
				CLANG_WARN_DIRECT_OBJC_ISA_USAGE = YES_ERROR;
				CLANG_WARN_DOCUMENTATION_COMMENTS = YES;
				CLANG_WARN_EMPTY_BODY = YES;
				CLANG_WARN_ENUM_CONVERSION = YES;
				CLANG_WARN_INFINITE_RECURSION = YES;
				CLANG_WARN_INT_CONVERSION = YES;
				CLANG_WARN_NON_LITERAL_NULL_CONVERSION = YES;
				CLANG_WARN_OBJC_LITERAL_CONVERSION = YES;
				CLANG_WARN_OBJC_ROOT_CLASS = YES_ERROR;
				CLANG_WARN_RANGE_LOOP_ANALYSIS = YES;
				CLANG_WARN_STRICT_PROTOTYPES = YES;
				CLANG_WARN_SUSPICIOUS_MOVE = YES;
				CLANG_WARN_UNGUARDED_AVAILABILITY = YES_AGGRESSIVE;
				CLANG_WARN_UNREACHABLE_CODE = YES;
				CLANG_WARN__DUPLICATE_METHOD_MATCH = YES;
				CODE_SIGN_IDENTITY = "iPhone Developer";
				COPY_PHASE_STRIP = NO;
				DEBUG_INFORMATION_FORMAT = dwarf;
				ENABLE_STRICT_OBJC_MSGSEND = YES;
				ENABLE_TESTABILITY = YES;
				GCC_C_LANGUAGE_STANDARD = gnu11;
				GCC_DYNAMIC_NO_PIC = NO;
				GCC_NO_COMMON_BLOCKS = YES;
				GCC_OPTIMIZATION_LEVEL = 0;
				GCC_PREPROCESSOR_DEFINITIONS = (
					"DEBUG=1",
					"$(inherited)",
				);
				GCC_WARN_64_TO_32_BIT_CONVERSION = YES;
				GCC_WARN_ABOUT_RETURN_TYPE = YES_ERROR;
				GCC_WARN_UNDECLARED_SELECTOR = YES;
				GCC_WARN_UNINITIALIZED_AUTOS = YES_AGGRESSIVE;
				GCC_WARN_UNUSED_FUNCTION = YES;
				GCC_WARN_UNUSED_VARIABLE = YES;
				IPHONEOS_DEPLOYMENT_TARGET = 11.1;
				MTL_ENABLE_DEBUG_INFO = YES;
				ONLY_ACTIVE_ARCH = YES;
				SDKROOT = iphoneos;
				SWIFT_ACTIVE_COMPILATION_CONDITIONS = DEBUG;
				SWIFT_OPTIMIZATION_LEVEL = "-Onone";
			};
			name = Debug;
		};
		C385C1EC2091F126000142DF /* Release */ = {
			isa = XCBuildConfiguration;
			buildSettings = {
				ALWAYS_SEARCH_USER_PATHS = NO;
				CLANG_ANALYZER_NONNULL = YES;
				CLANG_ANALYZER_NUMBER_OBJECT_CONVERSION = YES_AGGRESSIVE;
				CLANG_CXX_LANGUAGE_STANDARD = "gnu++14";
				CLANG_CXX_LIBRARY = "libc++";
				CLANG_ENABLE_MODULES = YES;
				CLANG_ENABLE_OBJC_ARC = YES;
				CLANG_WARN_BLOCK_CAPTURE_AUTORELEASING = YES;
				CLANG_WARN_BOOL_CONVERSION = YES;
				CLANG_WARN_COMMA = YES;
				CLANG_WARN_CONSTANT_CONVERSION = YES;
				CLANG_WARN_DIRECT_OBJC_ISA_USAGE = YES_ERROR;
				CLANG_WARN_DOCUMENTATION_COMMENTS = YES;
				CLANG_WARN_EMPTY_BODY = YES;
				CLANG_WARN_ENUM_CONVERSION = YES;
				CLANG_WARN_INFINITE_RECURSION = YES;
				CLANG_WARN_INT_CONVERSION = YES;
				CLANG_WARN_NON_LITERAL_NULL_CONVERSION = YES;
				CLANG_WARN_OBJC_LITERAL_CONVERSION = YES;
				CLANG_WARN_OBJC_ROOT_CLASS = YES_ERROR;
				CLANG_WARN_RANGE_LOOP_ANALYSIS = YES;
				CLANG_WARN_STRICT_PROTOTYPES = YES;
				CLANG_WARN_SUSPICIOUS_MOVE = YES;
				CLANG_WARN_UNGUARDED_AVAILABILITY = YES_AGGRESSIVE;
				CLANG_WARN_UNREACHABLE_CODE = YES;
				CLANG_WARN__DUPLICATE_METHOD_MATCH = YES;
				CODE_SIGN_IDENTITY = "iPhone Developer";
				COPY_PHASE_STRIP = NO;
				DEBUG_INFORMATION_FORMAT = "dwarf-with-dsym";
				ENABLE_NS_ASSERTIONS = NO;
				ENABLE_STRICT_OBJC_MSGSEND = YES;
				GCC_C_LANGUAGE_STANDARD = gnu11;
				GCC_NO_COMMON_BLOCKS = YES;
				GCC_WARN_64_TO_32_BIT_CONVERSION = YES;
				GCC_WARN_ABOUT_RETURN_TYPE = YES_ERROR;
				GCC_WARN_UNDECLARED_SELECTOR = YES;
				GCC_WARN_UNINITIALIZED_AUTOS = YES_AGGRESSIVE;
				GCC_WARN_UNUSED_FUNCTION = YES;
				GCC_WARN_UNUSED_VARIABLE = YES;
				IPHONEOS_DEPLOYMENT_TARGET = 11.1;
				MTL_ENABLE_DEBUG_INFO = NO;
				SDKROOT = iphoneos;
				SWIFT_OPTIMIZATION_LEVEL = "-Owholemodule";
				VALIDATE_PRODUCT = YES;
			};
			name = Release;
		};
		C385C1EE2091F126000142DF /* Debug */ = {
			isa = XCBuildConfiguration;
			buildSettings = {
				ASSETCATALOG_COMPILER_APPICON_NAME = AppIcon;
				CODE_SIGN_STYLE = Automatic;
				INFOPLIST_FILE = ToDoListApp/Info.plist;
				LD_RUNPATH_SEARCH_PATHS = "$(inherited) @executable_path/Frameworks";
				PRODUCT_BUNDLE_IDENTIFIER = com.sneha.ProjectForGit.ToDoListApp;
				PRODUCT_NAME = "$(TARGET_NAME)";
				SWIFT_VERSION = 4.0;
				TARGETED_DEVICE_FAMILY = "1,2";
			};
			name = Debug;
		};
		C385C1EF2091F126000142DF /* Release */ = {
			isa = XCBuildConfiguration;
			buildSettings = {
				ASSETCATALOG_COMPILER_APPICON_NAME = AppIcon;
				CODE_SIGN_STYLE = Automatic;
				INFOPLIST_FILE = ToDoListApp/Info.plist;
				LD_RUNPATH_SEARCH_PATHS = "$(inherited) @executable_path/Frameworks";
				PRODUCT_BUNDLE_IDENTIFIER = com.sneha.ProjectForGit.ToDoListApp;
				PRODUCT_NAME = "$(TARGET_NAME)";
				SWIFT_VERSION = 4.0;
				TARGETED_DEVICE_FAMILY = "1,2";
			};
			name = Release;
		};
		C385C1F12091F126000142DF /* Debug */ = {
			isa = XCBuildConfiguration;
			buildSettings = {
				ALWAYS_EMBED_SWIFT_STANDARD_LIBRARIES = YES;
				BUNDLE_LOADER = "$(TEST_HOST)";
				CODE_SIGN_STYLE = Automatic;
				INFOPLIST_FILE = ToDoListAppTests/Info.plist;
				LD_RUNPATH_SEARCH_PATHS = "$(inherited) @executable_path/Frameworks @loader_path/Frameworks";
				PRODUCT_BUNDLE_IDENTIFIER = com.sneha.ProjectForGit.ToDoListAppTests;
				PRODUCT_NAME = "$(TARGET_NAME)";
				SWIFT_VERSION = 4.0;
				TARGETED_DEVICE_FAMILY = "1,2";
				TEST_HOST = "$(BUILT_PRODUCTS_DIR)/ToDoListApp.app/ToDoListApp";
			};
			name = Debug;
		};
		C385C1F22091F126000142DF /* Release */ = {
			isa = XCBuildConfiguration;
			buildSettings = {
				ALWAYS_EMBED_SWIFT_STANDARD_LIBRARIES = YES;
				BUNDLE_LOADER = "$(TEST_HOST)";
				CODE_SIGN_STYLE = Automatic;
				INFOPLIST_FILE = ToDoListAppTests/Info.plist;
				LD_RUNPATH_SEARCH_PATHS = "$(inherited) @executable_path/Frameworks @loader_path/Frameworks";
				PRODUCT_BUNDLE_IDENTIFIER = com.sneha.ProjectForGit.ToDoListAppTests;
				PRODUCT_NAME = "$(TARGET_NAME)";
				SWIFT_VERSION = 4.0;
				TARGETED_DEVICE_FAMILY = "1,2";
				TEST_HOST = "$(BUILT_PRODUCTS_DIR)/ToDoListApp.app/ToDoListApp";
			};
			name = Release;
		};
		C385C1F42091F126000142DF /* Debug */ = {
			isa = XCBuildConfiguration;
			buildSettings = {
				ALWAYS_EMBED_SWIFT_STANDARD_LIBRARIES = YES;
				CODE_SIGN_STYLE = Automatic;
				INFOPLIST_FILE = ToDoListAppUITests/Info.plist;
				LD_RUNPATH_SEARCH_PATHS = "$(inherited) @executable_path/Frameworks @loader_path/Frameworks";
				PRODUCT_BUNDLE_IDENTIFIER = com.sneha.ProjectForGit.ToDoListAppUITests;
				PRODUCT_NAME = "$(TARGET_NAME)";
				SWIFT_VERSION = 4.0;
				TARGETED_DEVICE_FAMILY = "1,2";
				TEST_TARGET_NAME = ToDoListApp;
			};
			name = Debug;
		};
		C385C1F52091F126000142DF /* Release */ = {
			isa = XCBuildConfiguration;
			buildSettings = {
				ALWAYS_EMBED_SWIFT_STANDARD_LIBRARIES = YES;
				CODE_SIGN_STYLE = Automatic;
				INFOPLIST_FILE = ToDoListAppUITests/Info.plist;
				LD_RUNPATH_SEARCH_PATHS = "$(inherited) @executable_path/Frameworks @loader_path/Frameworks";
				PRODUCT_BUNDLE_IDENTIFIER = com.sneha.ProjectForGit.ToDoListAppUITests;
				PRODUCT_NAME = "$(TARGET_NAME)";
				SWIFT_VERSION = 4.0;
				TARGETED_DEVICE_FAMILY = "1,2";
				TEST_TARGET_NAME = ToDoListApp;
			};
			name = Release;
		};
/* End XCBuildConfiguration section */

/* Begin XCConfigurationList section */
		C385C1C02091F126000142DF /* Build configuration list for PBXProject "ToDoListApp" */ = {
			isa = XCConfigurationList;
			buildConfigurations = (
				C385C1EB2091F126000142DF /* Debug */,
				C385C1EC2091F126000142DF /* Release */,
			);
			defaultConfigurationIsVisible = 0;
			defaultConfigurationName = Release;
		};
		C385C1ED2091F126000142DF /* Build configuration list for PBXNativeTarget "ToDoListApp" */ = {
			isa = XCConfigurationList;
			buildConfigurations = (
				C385C1EE2091F126000142DF /* Debug */,
				C385C1EF2091F126000142DF /* Release */,
			);
			defaultConfigurationIsVisible = 0;
			defaultConfigurationName = Release;
		};
		C385C1F02091F126000142DF /* Build configuration list for PBXNativeTarget "ToDoListAppTests" */ = {
			isa = XCConfigurationList;
			buildConfigurations = (
				C385C1F12091F126000142DF /* Debug */,
				C385C1F22091F126000142DF /* Release */,
			);
			defaultConfigurationIsVisible = 0;
			defaultConfigurationName = Release;
		};
		C385C1F32091F126000142DF /* Build configuration list for PBXNativeTarget "ToDoListAppUITests" */ = {
			isa = XCConfigurationList;
			buildConfigurations = (
				C385C1F42091F126000142DF /* Debug */,
				C385C1F52091F126000142DF /* Release */,
			);
			defaultConfigurationIsVisible = 0;
			defaultConfigurationName = Release;
		};
/* End XCConfigurationList section */
	};
	rootObject = C385C1BD2091F126000142DF /* Project object */;
}
